
Microsoft Visual Studio Solution File, Format Version 12.00
# Visual Studio Version 17
VisualStudioVersion = 17.3.32811.315
MinimumVisualStudioVersion = 10.0.40219.1
Project("{FAE04EC0-301F-11D3-BF4B-00C04F79EFBC}") = "ServerBlockedPurchases", "ServerBlockedPurchases.csproj", "{AB2E7123-CEB2-45DC-A8CA-DBD728C64C15}"
EndProject
Global
	GlobalSection(SolutionConfigurationPlatforms) = preSolution
		Debug|Any CPU = Debug|Any CPU
		Release|Any CPU = Release|Any CPU
	EndGlobalSection
	GlobalSection(ProjectConfigurationPlatforms) = postSolution
		{AB2E7123-CEB2-45DC-A8CA-DBD728C64C15}.Debug|Any CPU.ActiveCfg = Debug|Any CPU
		{AB2E7123-CEB2-45DC-A8CA-DBD728C64C15}.Debug|Any CPU.Build.0 = Debug|Any CPU
		{AB2E7123-CEB2-45DC-A8CA-DBD728C64C15}.Release|Any CPU.ActiveCfg = Release|Any CPU
		{AB2E7123-CEB2-45DC-A8CA-DBD728C64C15}.Release|Any CPU.Build.0 = Release|Any CPU
	EndGlobalSection
	GlobalSection(SolutionProperties) = preSolution
		HideSolutionNode = FALSE
	EndGlobalSection
	GlobalSection(ExtensibilityGlobals) = postSolution
		SolutionGuid = {6012784E-6C18-4966-BE01-556D79C02FFB}
	EndGlobalSection
EndGlobal
